Microsoft Visual Studio Solution File, Format Version 12.00
# Visual Studio Version 17
VisualStudioVersion = 17.10.35122.118
MinimumVisualStudioVersion = 10.0.40219.1
Project("{FAE04EC0-301F-11D3-BF4B-00C04F79EFBC}") = "Redbox.HAL.DataMatrix.Framework", "Redbox.HAL.DataMatrix.Framework.csproj", "{ECA31A53-5557-4A9B-9A34-7A49732E3394}"
EndProject
Project("{FAE04EC0-301F-11D3-BF4B-00C04F79EFBC}") = "Redbox.HAL.Component.Model", "lib\Redbox.HAL.Component.Model\Redbox.HAL.Component.Model.csproj", "{86986977-3D6F-4F59-BC0C-D181E7C4D334}"
EndProject
Project("{FAE04EC0-301F-11D3-BF4B-00C04F79EFBC}") = "Redbox.HAL.Configuration", "lib\Redbox.HAL.Configuration\Redbox.HAL.Configuration.csproj", "{E54FA238-238A-42CE-A889-21031A2B2421}"
EndProject
Project("{FAE04EC0-301F-11D3-BF4B-00C04F79EFBC}") = "Redbox.HAL.Controller.Framework", "lib\Redbox.HAL.Controller.Framework\Redbox.HAL.Controller.Framework.csproj", "{B035F721-581B-4296-8051-5D4C68279CA3}"
EndProject
Project("{FAE04EC0-301F-11D3-BF4B-00C04F79EFBC}") = "Redbox.HAL.Core", "lib\Redbox.HAL.Core\Redbox.HAL.Core.csproj", "{3B256763-2065-4304-B9B8-299A882A16B4}"
EndProject
Global
	GlobalSection(SolutionConfigurationPlatforms) = preSolution
		Debug|Any CPU = Debug|Any CPU
		Debug|x86 = Debug|x86
		Release|Any CPU = Release|Any CPU
		Release|x86 = Release|x86
	EndGlobalSection
	GlobalSection(ProjectConfigurationPlatforms) = postSolution
		{ECA31A53-5557-4A9B-9A34-7A49732E3394}.Debug|Any CPU.ActiveCfg = Debug|Any CPU
		{ECA31A53-5557-4A9B-9A34-7A49732E3394}.Debug|Any CPU.Build.0 = Debug|Any CPU
		{ECA31A53-5557-4A9B-9A34-7A49732E3394}.Debug|x86.ActiveCfg = Debug|Any CPU
		{ECA31A53-5557-4A9B-9A34-7A49732E3394}.Debug|x86.Build.0 = Debug|Any CPU
		{ECA31A53-5557-4A9B-9A34-7A49732E3394}.Release|Any CPU.ActiveCfg = Release|Any CPU
		{ECA31A53-5557-4A9B-9A34-7A49732E3394}.Release|Any CPU.Build.0 = Release|Any CPU
		{ECA31A53-5557-4A9B-9A34-7A49732E3394}.Release|x86.ActiveCfg = Release|Any CPU
		{ECA31A53-5557-4A9B-9A34-7A49732E3394}.Release|x86.Build.0 = Release|Any CPU
		{86986977-3D6F-4F59-BC0C-D181E7C4D334}.Debug|Any CPU.ActiveCfg = Debug|Any CPU
		{86986977-3D6F-4F59-BC0C-D181E7C4D334}.Debug|Any CPU.Build.0 = Debug|Any CPU
		{86986977-3D6F-4F59-BC0C-D181E7C4D334}.Debug|x86.ActiveCfg = Debug|x86
		{86986977-3D6F-4F59-BC0C-D181E7C4D334}.Debug|x86.Build.0 = Debug|x86
		{86986977-3D6F-4F59-BC0C-D181E7C4D334}.Release|Any CPU.ActiveCfg = Release|Any CPU
		{86986977-3D6F-4F59-BC0C-D181E7C4D334}.Release|Any CPU.Build.0 = Release|Any CPU
		{86986977-3D6F-4F59-BC0C-D181E7C4D334}.Release|x86.ActiveCfg = Release|x86
		{86986977-3D6F-4F59-BC0C-D181E7C4D334}.Release|x86.Build.0 = Release|x86
		{E54FA238-238A-42CE-A889-21031A2B2421}.Debug|Any CPU.ActiveCfg = Debug|Any CPU
		{E54FA238-238A-42CE-A889-21031A2B2421}.Debug|Any CPU.Build.0 = Debug|Any CPU
		{E54FA238-238A-42CE-A889-21031A2B2421}.Debug|x86.ActiveCfg = Debug|x86
		{E54FA238-238A-42CE-A889-21031A2B2421}.Debug|x86.Build.0 = Debug|x86
		{E54FA238-238A-42CE-A889-21031A2B2421}.Release|Any CPU.ActiveCfg = Release|Any CPU
		{E54FA238-238A-42CE-A889-21031A2B2421}.Release|Any CPU.Build.0 = Release|Any CPU
		{E54FA238-238A-42CE-A889-21031A2B2421}.Release|x86.ActiveCfg = Release|x86
		{E54FA238-238A-42CE-A889-21031A2B2421}.Release|x86.Build.0 = Release|x86
		{B035F721-581B-4296-8051-5D4C68279CA3}.Debug|Any CPU.ActiveCfg = Debug|Any CPU
		{B035F721-581B-4296-8051-5D4C68279CA3}.Debug|Any CPU.Build.0 = Debug|Any CPU
		{B035F721-581B-4296-8051-5D4C68279CA3}.Debug|x86.ActiveCfg = Debug|x86
		{B035F721-581B-4296-8051-5D4C68279CA3}.Debug|x86.Build.0 = Debug|x86
		{B035F721-581B-4296-8051-5D4C68279CA3}.Release|Any CPU.ActiveCfg = Release|Any CPU
		{B035F721-581B-4296-8051-5D4C68279CA3}.Release|Any CPU.Build.0 = Release|Any CPU
		{B035F721-581B-4296-8051-5D4C68279CA3}.Release|x86.ActiveCfg = Release|x86
		{B035F721-581B-4296-8051-5D4C68279CA3}.Release|x86.Build.0 = Release|x86
		{3B256763-2065-4304-B9B8-299A882A16B4}.Debug|Any CPU.ActiveCfg = Debug|Any CPU
		{3B256763-2065-4304-B9B8-299A882A16B4}.Debug|Any CPU.Build.0 = Debug|Any CPU
		{3B256763-2065-4304-B9B8-299A882A16B4}.Debug|x86.ActiveCfg = Debug|x86
		{3B256763-2065-4304-B9B8-299A882A16B4}.Debug|x86.Build.0 = Debug|x86
		{3B256763-2065-4304-B9B8-299A882A16B4}.Release|Any CPU.ActiveCfg = Release|Any CPU
		{3B256763-2065-4304-B9B8-299A882A16B4}.Release|Any CPU.Build.0 = Release|Any CPU
		{3B256763-2065-4304-B9B8-299A882A16B4}.Release|x86.ActiveCfg = Release|x86
		{3B256763-2065-4304-B9B8-299A882A16B4}.Release|x86.Build.0 = Release|x86
	EndGlobalSection
	GlobalSection(SolutionProperties) = preSolution
		HideSolutionNode = FALSE
	EndGlobalSection
	GlobalSection(ExtensibilityGlobals) = postSolution
		SolutionGuid = {7B971F5E-B0D9-478B-913F-1B72EA43FDFF}
	EndGlobalSection
EndGlobal
